
Microsoft Visual Studio Solution File, Format Version 12.00
# Visual Studio Version 17
VisualStudioVersion = 17.7.34221.43
MinimumVisualStudioVersion = 10.0.40219.1
Project("{FAE04EC0-301F-11D3-BF4B-00C04F79EFBC}") = "Trojúhelníky", "Trojúhelníky\Trojúhelníky.csproj", "{68BCA345-A88B-4807-82DC-153E69ACBB26}"
EndProject
Global
	GlobalSection(SolutionConfigurationPlatforms) = preSolution
		Debug|Any CPU = Debug|Any CPU
		Release|Any CPU = Release|Any CPU
	EndGlobalSection
	GlobalSection(ProjectConfigurationPlatforms) = postSolution
		{68BCA345-A88B-4807-82DC-153E69ACBB26}.Debug|Any CPU.ActiveCfg = Debug|Any CPU
		{68BCA345-A88B-4807-82DC-153E69ACBB26}.Debug|Any CPU.Build.0 = Debug|Any CPU
		{68BCA345-A88B-4807-82DC-153E69ACBB26}.Release|Any CPU.ActiveCfg = Release|Any CPU
		{68BCA345-A88B-4807-82DC-153E69ACBB26}.Release|Any CPU.Build.0 = Release|Any CPU
	EndGlobalSection
	GlobalSection(SolutionProperties) = preSolution
		HideSolutionNode = FALSE
	EndGlobalSection
	GlobalSection(ExtensibilityGlobals) = postSolution
		SolutionGuid = {6C738F11-1B7F-4919-AFD0-156BB502F2A3}
	EndGlobalSection
EndGlobal
